Microsoft Visual Studio Solution File, Format Version 12.00
# Visual Studio Version 17
VisualStudioVersion = 17.5.2.0
MinimumVisualStudioVersion = 10.0.40219.1
Project("{FAE04EC0-301F-11D3-BF4B-00C04F79EFBC}") = "ex030", "ex030.csproj", "{8E32C65B-696B-20F6-649F-2463C3127039}"
EndProject
Global
	GlobalSection(SolutionConfigurationPlatforms) = preSolution
		Debug|Any CPU = Debug|Any CPU
		Release|Any CPU = Release|Any CPU
	EndGlobalSection
	GlobalSection(ProjectConfigurationPlatforms) = postSolution
		{8E32C65B-696B-20F6-649F-2463C3127039}.Debug|Any CPU.ActiveCfg = Debug|Any CPU
		{8E32C65B-696B-20F6-649F-2463C3127039}.Debug|Any CPU.Build.0 = Debug|Any CPU
		{8E32C65B-696B-20F6-649F-2463C3127039}.Release|Any CPU.ActiveCfg = Release|Any CPU
		{8E32C65B-696B-20F6-649F-2463C3127039}.Release|Any CPU.Build.0 = Release|Any CPU
	EndGlobalSection
	GlobalSection(SolutionProperties) = preSolution
		HideSolutionNode = FALSE
	EndGlobalSection
	GlobalSection(ExtensibilityGlobals) = postSolution
		SolutionGuid = {40C8B652-1243-4335-81D2-3A2187F3AF53}
	EndGlobalSection
EndGlobal
